
Microsoft Visual Studio Solution File, Format Version 12.00
# Visual Studio Version 17
VisualStudioVersion = 17.9.34714.143
MinimumVisualStudioVersion = 10.0.40219.1
Project("{9A19103F-16F7-4668-BE54-9A1E7A4F7556}") = "TagsAPI", "TagsAPI\TagsAPI.csproj", "{9CD4E8C5-B94F-48C0-8370-1CB892920649}"
EndProject
Project("{FAE04EC0-301F-11D3-BF4B-00C04F79EFBC}") = "UnitTest", "UnitTest\UnitTest.csproj", "{DABE3C16-7289-4D8B-931C-24109EC27020}"
EndProject
Global
	GlobalSection(SolutionConfigurationPlatforms) = preSolution
		Debug|Any CPU = Debug|Any CPU
		Release|Any CPU = Release|Any CPU
	EndGlobalSection
	GlobalSection(ProjectConfigurationPlatforms) = postSolution
		{9CD4E8C5-B94F-48C0-8370-1CB892920649}.Debug|Any CPU.ActiveCfg = Debug|Any CPU
		{9CD4E8C5-B94F-48C0-8370-1CB892920649}.Debug|Any CPU.Build.0 = Debug|Any CPU
		{9CD4E8C5-B94F-48C0-8370-1CB892920649}.Release|Any CPU.ActiveCfg = Release|Any CPU
		{9CD4E8C5-B94F-48C0-8370-1CB892920649}.Release|Any CPU.Build.0 = Release|Any CPU
		{DABE3C16-7289-4D8B-931C-24109EC27020}.Debug|Any CPU.ActiveCfg = Debug|Any CPU
		{DABE3C16-7289-4D8B-931C-24109EC27020}.Debug|Any CPU.Build.0 = Debug|Any CPU
		{DABE3C16-7289-4D8B-931C-24109EC27020}.Release|Any CPU.ActiveCfg = Release|Any CPU
		{DABE3C16-7289-4D8B-931C-24109EC27020}.Release|Any CPU.Build.0 = Release|Any CPU
	EndGlobalSection
	GlobalSection(SolutionProperties) = preSolution
		HideSolutionNode = FALSE
	EndGlobalSection
	GlobalSection(ExtensibilityGlobals) = postSolution
		SolutionGuid = {3858F117-C3EA-415C-86E4-F5C4FC28630B}
	EndGlobalSection
EndGlobal
